# generated by rye
# use `rye lock` or `rye sync` to update this lockfile
#
# last locked with the following flags:
#   pre: false
#   features: []
#   all-features: false
#   with-sources: false
#   generate-hashes: false
#   universal: false

-e file:.
contourpy==1.4.0
    # via matplotlib
cycler==0.12.1
    # via matplotlib
fonttools==4.66.0
    # via matplotlib
kiwisolver==1.5.1
    # via matplotlib
matplotlib==3.11.2
    # via learn-dynamical-system
    # via scienceplots
numpy==2.5.3
    # via contourpy
    # via learn-dynamical-system
    # via matplotlib
    # via scipy
packaging==26.3
    # via matplotlib
pillow==12.3.0
    # via matplotlib
pyparsing==3.3.3
    # via matplotlib
python-dateutil==2.9.0.post0
    # via matplotlib
scienceplots==2.2.2
    # via learn-dynamical-system
scipy==1.18.1
    # via learn-dynamical-system
six==1.17.0
    # via python-dateutil
